
Microsoft Visual Studio Solution File, Format Version 12.00
# Visual Studio Version 17
VisualStudioVersion = 17.2.32616.157
MinimumVisualStudioVersion = 10.0.40219.1
Project("{FAE04EC0-301F-11D3-BF4B-00C04F79EFBC}") = "RestaurantServiceWebAPI", "RestaurantServiceWebAPI\RestaurantServiceWebAPI.csproj", "{CDBE4DD5-D777-46C1-BCC6-AB08B1646392}"
EndProject
Global
	GlobalSection(SolutionConfigurationPlatforms) = preSolution
		Debug|Any CPU = Debug|Any CPU
		Release|Any CPU = Release|Any CPU
	EndGlobalSection
	GlobalSection(ProjectConfigurationPlatforms) = postSolution
		{CDBE4DD5-D777-46C1-BCC6-AB08B1646392}.Debug|Any CPU.ActiveCfg = Debug|Any CPU
		{CDBE4DD5-D777-46C1-BCC6-AB08B1646392}.Debug|Any CPU.Build.0 = Debug|Any CPU
		{CDBE4DD5-D777-46C1-BCC6-AB08B1646392}.Release|Any CPU.ActiveCfg = Release|Any CPU
		{CDBE4DD5-D777-46C1-BCC6-AB08B1646392}.Release|Any CPU.Build.0 = Release|Any CPU
	EndGlobalSection
	GlobalSection(SolutionProperties) = preSolution
		HideSolutionNode = FALSE
	EndGlobalSection
	GlobalSection(ExtensibilityGlobals) = postSolution
		SolutionGuid = {1C5CF11B-D4EB-49A6-A5DF-3CFB33561287}
	EndGlobalSection
EndGlobal
